
Microsoft Visual Studio Solution File, Format Version 12.00
# Visual Studio Version 17
VisualStudioVersion = 17.14.37328.6 d17.14
MinimumVisualStudioVersion = 10.0.40219.1
Project("{FAE04EC0-301F-11D3-BF4B-00C04F79EFBC}") = "StaffService", "StaffService\StaffService.csproj", "{D82979FA-E1AF-4BD0-9EAF-F219A3E7EE31}"
EndProject
Global
	GlobalSection(SolutionConfigurationPlatforms) = preSolution
		Debug|Any CPU = Debug|Any CPU
		Release|Any CPU = Release|Any CPU
	EndGlobalSection
	GlobalSection(ProjectConfigurationPlatforms) = postSolution
		{D82979FA-E1AF-4BD0-9EAF-F219A3E7EE31}.Debug|Any CPU.ActiveCfg = Debug|Any CPU
		{D82979FA-E1AF-4BD0-9EAF-F219A3E7EE31}.Debug|Any CPU.Build.0 = Debug|Any CPU
		{D82979FA-E1AF-4BD0-9EAF-F219A3E7EE31}.Release|Any CPU.ActiveCfg = Release|Any CPU
		{D82979FA-E1AF-4BD0-9EAF-F219A3E7EE31}.Release|Any CPU.Build.0 = Release|Any CPU
	EndGlobalSection
	GlobalSection(SolutionProperties) = preSolution
		HideSolutionNode = FALSE
	EndGlobalSection
	GlobalSection(ExtensibilityGlobals) = postSolution
		SolutionGuid = {7F580D1A-3E5F-405A-A3ED-F8842365060B}
	EndGlobalSection
EndGlobal
