
Microsoft Visual Studio Solution File, Format Version 12.00
# Visual Studio Version 17
VisualStudioVersion = 17.14.37411.7 d17.14
MinimumVisualStudioVersion = 10.0.40219.1
Project("{FAE04EC0-301F-11D3-BF4B-00C04F79EFBC}") = "OrderService", "OrderService\OrderService.csproj", "{725F71D6-0C70-4E88-8AB7-6D79B0E16AAF}"
EndProject
Global
	GlobalSection(SolutionConfigurationPlatforms) = preSolution
		Debug|Any CPU = Debug|Any CPU
		Release|Any CPU = Release|Any CPU
	EndGlobalSection
	GlobalSection(ProjectConfigurationPlatforms) = postSolution
		{725F71D6-0C70-4E88-8AB7-6D79B0E16AAF}.Debug|Any CPU.ActiveCfg = Debug|Any CPU
		{725F71D6-0C70-4E88-8AB7-6D79B0E16AAF}.Debug|Any CPU.Build.0 = Debug|Any CPU
		{725F71D6-0C70-4E88-8AB7-6D79B0E16AAF}.Release|Any CPU.ActiveCfg = Release|Any CPU
		{725F71D6-0C70-4E88-8AB7-6D79B0E16AAF}.Release|Any CPU.Build.0 = Release|Any CPU
	EndGlobalSection
	GlobalSection(SolutionProperties) = preSolution
		HideSolutionNode = FALSE
	EndGlobalSection
	GlobalSection(ExtensibilityGlobals) = postSolution
		SolutionGuid = {C169DB44-1DE3-4A8F-8D44-CE8CCE8CD20E}
	EndGlobalSection
EndGlobal
